
Microsoft Visual Studio Solution File, Format Version 12.00
# Visual Studio 15
VisualStudioVersion = 15.0.27130.2036
MinimumVisualStudioVersion = 10.0.40219.1
Project("{FAE04EC0-301F-11D3-BF4B-00C04F79EFBC}") = "WindowsFormsApp1", "WindowsFormsApp1\WindowsFormsApp1.csproj", "{F86EB647-5F38-4EA5-B2A2-CA63C7DB9A95}"
EndProject
Global
	GlobalSection(SolutionConfigurationPlatforms) = preSolution
		Debug|Any CPU = Debug|Any CPU
		Release|Any CPU = Release|Any CPU
	EndGlobalSection
	GlobalSection(ProjectConfigurationPlatforms) = postSolution
		{F86EB647-5F38-4EA5-B2A2-CA63C7DB9A95}.Debug|Any CPU.ActiveCfg = Debug|Any CPU
		{F86EB647-5F38-4EA5-B2A2-CA63C7DB9A95}.Debug|Any CPU.Build.0 = Debug|Any CPU
		{F86EB647-5F38-4EA5-B2A2-CA63C7DB9A95}.Release|Any CPU.ActiveCfg = Release|Any CPU
		{F86EB647-5F38-4EA5-B2A2-CA63C7DB9A95}.Release|Any CPU.Build.0 = Release|Any CPU
	EndGlobalSection
	GlobalSection(SolutionProperties) = preSolution
		HideSolutionNode = FALSE
	EndGlobalSection
	GlobalSection(ExtensibilityGlobals) = postSolution
		SolutionGuid = {C2F2C1AC-C8C6-4869-86E9-1B448D670D19}
	EndGlobalSection
EndGlobal
